
Microsoft Visual Studio Solution File, Format Version 12.00
# Visual Studio Version 17
VisualStudioVersion = 17.9.34616.47
MinimumVisualStudioVersion = 10.0.40219.1
Project("{FAE04EC0-301F-11D3-BF4B-00C04F79EFBC}") = "ObjectOrientedDesign", "ObjectOrientedDesign.csproj", "{F4702E05-4FBD-43E6-80C5-24B88DB0FCCA}"
EndProject
Global
	GlobalSection(SolutionConfigurationPlatforms) = preSolution
		Debug|Any CPU = Debug|Any CPU
		Release|Any CPU = Release|Any CPU
	EndGlobalSection
	GlobalSection(ProjectConfigurationPlatforms) = postSolution
		{F4702E05-4FBD-43E6-80C5-24B88DB0FCCA}.Debug|Any CPU.ActiveCfg = Debug|Any CPU
		{F4702E05-4FBD-43E6-80C5-24B88DB0FCCA}.Debug|Any CPU.Build.0 = Debug|Any CPU
		{F4702E05-4FBD-43E6-80C5-24B88DB0FCCA}.Release|Any CPU.ActiveCfg = Release|Any CPU
		{F4702E05-4FBD-43E6-80C5-24B88DB0FCCA}.Release|Any CPU.Build.0 = Release|Any CPU
	EndGlobalSection
	GlobalSection(SolutionProperties) = preSolution
		HideSolutionNode = FALSE
	EndGlobalSection
	GlobalSection(ExtensibilityGlobals) = postSolution
		SolutionGuid = {F9364F55-FDA2-4599-8990-5CD3DCB9EA49}
	EndGlobalSection
EndGlobal
